<?xml version="1.0" encoding="utf-8"?>
<Project ToolsVersion="4.0" xmlns="http://schemas.microsoft.com/developer/msbuild/2003">
  <ItemGroup>
    <ClCompile Include="JsonViewer.cpp" />
    <ClCompile Include="WinMain.cpp" />
    <ClCompile Include="Rad\Dialog.cpp">
      <Filter>Rad</Filter>
    </ClCompile>
    <ClCompile Include="Rad\Log.cpp">
      <Filter>Rad</Filter>
    </ClCompile>
    <ClCompile Include="Rad\MessageHandler.cpp">
      <Filter>Rad</Filter>
    </ClCompile>
    <ClCompile Include="Rad\Window.cpp">
      <Filter>Rad</Filter>
    </ClCompile>
    <ClCompile Include="Rad\WinError.cpp">
      <Filter>Rad</Filter>
    </ClCompile>
    <ClCompile Include="StrUtils.cpp" />
    <ClCompile Include="FindDlgChain.cpp" />
    <ClCompile Include="Rad\AboutDlg.cpp">
      <Filter>Rad</Filter>
    </ClCompile>
    <ClCompile Include="ShowMenuShortcutChain.cpp" />
    <ClCompile Include="ValuesDlg.cpp" />
    <ClCompile Include="EditInPlace.cpp" />
  </ItemGroup>
  <ItemGroup>
    <ClInclude Include="Rad\Convert.h">
      <Filter>Rad</Filter>
    </ClInclude>
    <ClInclude Include="Rad\Dialog.h">
      <Filter>Rad</Filter>
    </ClInclude>
    <ClInclude Include="Rad\Format.h">
      <Filter>Rad</Filter>
    </ClInclude>
    <ClInclude Include="Rad\Log.h">
      <Filter>Rad</Filter>
    </ClInclude>
    <ClInclude Include="Rad\MemoryPlus.h">
      <Filter>Rad</Filter>
    </ClInclude>
    <ClInclude Include="Rad\MessageHandler.h">
      <Filter>Rad</Filter>
    </ClInclude>
    <ClInclude Include="Rad\SourceLocation.h">
      <Filter>Rad</Filter>
    </ClInclude>
    <ClInclude Include="Rad\Window.h">
      <Filter>Rad</Filter>
    </ClInclude>
    <ClInclude Include="Rad\Windowxx.h">
      <Filter>Rad</Filter>
    </ClInclude>
    <ClInclude Include="Rad\WinError.h">
      <Filter>Rad</Filter>
    </ClInclude>
    <ClInclude Include="resource.h" />
    <ClInclude Include="StrUtils.h" />
    <ClInclude Include="Rad\TreeViewPlus.h">
      <Filter>Rad</Filter>
    </ClInclude>
    <ClInclude Include="FindDlgChain.h" />
    <ClInclude Include="Rad\AboutDlg.h">
      <Filter>Rad</Filter>
    </ClInclude>
    <ClInclude Include="ShowMenuShortcutChain.h" />
    <ClInclude Include="ValuesDlg.h" />
    <ClInclude Include="EditInPlace.h" />
  </ItemGroup>
  <ItemGroup>
    <Filter Include="Rad">
    </Filter>
  </ItemGroup>
  <ItemGroup>
    <ResourceCompile Include="JsonViewer.rc" />
  </ItemGroup>
  <ItemGroup>
    <Image Include="Res\JsonViewer.ico" />
    <Image Include="Res\JsonViewerW.ico" />
  </ItemGroup>
</Project>